PODS:
  - FontAwesome+iOS (0.1.4)
  - PPiAwesomeButton (1.5.2.1):
    - FontAwesome+iOS

DEPENDENCIES:
  - PPiAwesomeButton (from `/Users/vadimyushchenko/Projects/Objective-c/PPiAwesomeButton/`)

EXTERNAL SOURCES:
  PPiAwesomeButton:
    :path: /Users/vadimyushchenko/Projects/Objective-c/PPiAwesomeButton/

SPEC CHECKSUMS:
  FontAwesome+iOS: 816c20304edef4ca92835de669577005cbaaf261
  PPiAwesomeButton: f6d911717959b2bbc575e6027bbc8f184452b0b9

COCOAPODS: 0.34.4
